PODS:
  - Alamofire (2.0.0)
  - AlamofireObjectMapper (0.9):
    - Alamofire (= 2.0.0)
    - ObjectMapper (= 0.17)
  - ObjectMapper (0.17)
  - Realm (0.98.1):
    - Realm/Headers (= 0.98.1)
  - Realm/Headers (0.98.1)
  - RealmSwift (0.98.1):
    - Realm (= 0.98.1)
  - SwiftyJSON (2.3.2)

DEPENDENCIES:
  - Alamofire (~> 2.0)
  - AlamofireObjectMapper (~> 0.2)
  - ObjectMapper (~> 0.11)
  - RealmSwift (~> 0.92)
  - SwiftyJSON (~> 2.2)

SPEC CHECKSUMS:
  Alamofire: 2f13548b29d25a58ecd91c9225fb51493e2b782b
  AlamofireObjectMapper: 263915f1960f5a5bf00bdb921ceb5b8673e901d4
  ObjectMapper: fa286b7cb5a398f1b0d8d64d0dd33fd1b307022c
  Realm: ca4a4122e939e228e10694fc49011386cb2ecb07
  RealmSwift: 7d3c7033427816a2c3417ba0d004d694987e503a
  SwiftyJSON: 04ccea08915aa0109039157c7974cf0298da292a

COCOAPODS: 0.39.0
