// !$*UTF8*$!
{
	archiveVersion = 1;
	classes = {
	};
	objectVersion = 46;
	objects = {

/* Begin PBXBuildFile section */
		1D7EC6BBE539BE8A372C3171 /* Pods_RealmSample.framework in Frameworks */ = {isa = PBXBuildFile; fileRef = E4AF39E7AF4FA4F6BEB11CD1 /* Pods_RealmSample.framework */; };
		6324397A1B043F5F00E4376E /* CardView.swift in Sources */ = {isa = PBXBuildFile; fileRef = 632439791B043F5F00E4376E /* CardView.swift */; };
		6324397C1B0441C500E4376E /* EntryTableViewCell.swift in Sources */ = {isa = PBXBuildFile; fileRef = 6324397B1B0441C500E4376E /* EntryTableViewCell.swift */; };
		638415801B0328A400336821 /* AppDelegate.swift in Sources */ = {isa = PBXBuildFile; fileRef = 6384157F1B0328A400336821 /* AppDelegate.swift */; };
		638415821B0328A400336821 /* ViewController.swift in Sources */ = {isa = PBXBuildFile; fileRef = 638415811B0328A400336821 /* ViewController.swift */; };
		638415851B0328A400336821 /* Main.storyboard in Resources */ = {isa = PBXBuildFile; fileRef = 638415831B0328A400336821 /* Main.storyboard */; };
		638415871B0328A400336821 /* Images.xcassets in Resources */ = {isa = PBXBuildFile; fileRef = 638415861B0328A400336821 /* Images.xcassets */; };
		6384158A1B0328A400336821 /* LaunchScreen.xib in Resources */ = {isa = PBXBuildFile; fileRef = 638415881B0328A400336821 /* LaunchScreen.xib */; };
		638415961B0328A400336821 /* RealmSampleTests.swift in Sources */ = {isa = PBXBuildFile; fileRef = 638415951B0328A400336821 /* RealmSampleTests.swift */; };
		6394F0C71B0345D2001E382D /* Entry.swift in Sources */ = {isa = PBXBuildFile; fileRef = 6394F0C61B0345D2001E382D /* Entry.swift */; };
		63D57F2C1B037BA100ED2C06 /* NSDate+Formatter.swift in Sources */ = {isa = PBXBuildFile; fileRef = 63D57F2B1B037BA100ED2C06 /* NSDate+Formatter.swift */; };
/* End PBXBuildFile section */

/* Begin PBXContainerItemProxy section */
		638415901B0328A400336821 /* PBXContainerItemProxy */ = {
			isa = PBXContainerItemProxy;
			containerPortal = 638415721B0328A400336821 /* Project object */;
			proxyType = 1;
			remoteGlobalIDString = 638415791B0328A400336821;
			remoteInfo = RealmSample;
		};
/* End PBXContainerItemProxy section */

/* Begin PBXFileReference section */
		1A10183BE1E4814197152379 /* Pods-RealmSample.release.xcconfig */ = {isa = PBXFileReference; includeInIndex = 1; lastKnownFileType = text.xcconfig; name = "Pods-RealmSample.release.xcconfig"; path = "Pods/Target Support Files/Pods-RealmSample/Pods-RealmSample.release.xcconfig"; sourceTree = "<group>"; };
		632439791B043F5F00E4376E /* CardView.swift */ = {isa = PBXFileReference; fileEncoding = 4; lastKnownFileType = sourcecode.swift; path = CardView.swift; sourceTree = "<group>"; };
		6324397B1B0441C500E4376E /* EntryTableViewCell.swift */ = {isa = PBXFileReference; fileEncoding = 4; lastKnownFileType = sourcecode.swift; path = EntryTableViewCell.swift; sourceTree = "<group>"; };
		6384157A1B0328A400336821 /* RealmSample.app */ = {isa = PBXFileReference; explicitFileType = wrapper.application; includeInIndex = 0; path = RealmSample.app; sourceTree = BUILT_PRODUCTS_DIR; };
		6384157E1B0328A400336821 /* Info.plist */ = {isa = PBXFileReference; lastKnownFileType = text.plist.xml; path = Info.plist; sourceTree = "<group>"; };
		6384157F1B0328A400336821 /* AppDelegate.swift */ = {isa = PBXFileReference; lastKnownFileType = sourcecode.swift; path = AppDelegate.swift; sourceTree = "<group>"; };
		638415811B0328A400336821 /* ViewController.swift */ = {isa = PBXFileReference; lastKnownFileType = sourcecode.swift; path = ViewController.swift; sourceTree = "<group>"; };
		638415841B0328A400336821 /* Base */ = {isa = PBXFileReference; lastKnownFileType = file.storyboard; name = Base; path = Base.lproj/Main.storyboard; sourceTree = "<group>"; };
		638415861B0328A400336821 /* Images.xcassets */ = {isa = PBXFileReference; lastKnownFileType = folder.assetcatalog; path = Images.xcassets; sourceTree = "<group>"; };
		638415891B0328A400336821 /* Base */ = {isa = PBXFileReference; lastKnownFileType = file.xib; name = Base; path = Base.lproj/LaunchScreen.xib; sourceTree = "<group>"; };
		6384158F1B0328A400336821 /* RealmSampleTests.xctest */ = {isa = PBXFileReference; explicitFileType = wrapper.cfbundle; includeInIndex = 0; path = RealmSampleTests.xctest; sourceTree = BUILT_PRODUCTS_DIR; };
		638415941B0328A400336821 /* Info.plist */ = {isa = PBXFileReference; lastKnownFileType = text.plist.xml; path = Info.plist; sourceTree = "<group>"; };
		638415951B0328A400336821 /* RealmSampleTests.swift */ = {isa = PBXFileReference; lastKnownFileType = sourcecode.swift; path = RealmSampleTests.swift; sourceTree = "<group>"; };
		6394F0C61B0345D2001E382D /* Entry.swift */ = {isa = PBXFileReference; fileEncoding = 4; lastKnownFileType = sourcecode.swift; path = Entry.swift; sourceTree = "<group>"; };
		63D57F2B1B037BA100ED2C06 /* NSDate+Formatter.swift */ = {isa = PBXFileReference; fileEncoding = 4; lastKnownFileType = sourcecode.swift; path = "NSDate+Formatter.swift"; sourceTree = "<group>"; };
		A8C28C20F0A1BABB7BD411FA /* Pods-RealmSample.debug.xcconfig */ = {isa = PBXFileReference; includeInIndex = 1; lastKnownFileType = text.xcconfig; name = "Pods-RealmSample.debug.xcconfig"; path = "Pods/Target Support Files/Pods-RealmSample/Pods-RealmSample.debug.xcconfig"; sourceTree = "<group>"; };
		C8C7E8BC789C32DB3DF3A6B9 /* Pods.framework */ = {isa = PBXFileReference; explicitFileType = wrapper.framework; includeInIndex = 0; path = Pods.framework; sourceTree = BUILT_PRODUCTS_DIR; };
		E4AF39E7AF4FA4F6BEB11CD1 /* Pods_RealmSample.framework */ = {isa = PBXFileReference; explicitFileType = wrapper.framework; includeInIndex = 0; path = Pods_RealmSample.framework; sourceTree = BUILT_PRODUCTS_DIR; };
/* End PBXFileReference section */

/* Begin PBXFrameworksBuildPhase section */
		638415771B0328A400336821 /* Frameworks */ = {
			isa = PBXFrameworksBuildPhase;
			buildActionMask = 2147483647;
			files = (
				1D7EC6BBE539BE8A372C3171 /* Pods_RealmSample.framework in Frameworks */,
			);
			runOnlyForDeploymentPostprocessing = 0;
		};
		6384158C1B0328A400336821 /* Frameworks */ = {
			isa = PBXFrameworksBuildPhase;
			buildActionMask = 2147483647;
			files = (
			);
			runOnlyForDeploymentPostprocessing = 0;
		};
/* End PBXFrameworksBuildPhase section */

/* Begin PBXGroup section */
		638415711B0328A400336821 = {
			isa = PBXGroup;
			children = (
				6384157C1B0328A400336821 /* RealmSample */,
				638415921B0328A400336821 /* RealmSampleTests */,
				6384157B1B0328A400336821 /* Products */,
				DAB1D2F02391066D3E2A183A /* Frameworks */,
				E494A9B5C5798964926489A6 /* Pods */,
			);
			sourceTree = "<group>";
		};
		6384157B1B0328A400336821 /* Products */ = {
			isa = PBXGroup;
			children = (
				6384157A1B0328A400336821 /* RealmSample.app */,
				6384158F1B0328A400336821 /* RealmSampleTests.xctest */,
			);
			name = Products;
			sourceTree = "<group>";
		};
		6384157C1B0328A400336821 /* RealmSample */ = {
			isa = PBXGroup;
			children = (
				6384157F1B0328A400336821 /* AppDelegate.swift */,
				638415811B0328A400336821 /* ViewController.swift */,
				638415831B0328A400336821 /* Main.storyboard */,
				638415861B0328A400336821 /* Images.xcassets */,
				638415881B0328A400336821 /* LaunchScreen.xib */,
				6384157D1B0328A400336821 /* Supporting Files */,
				6394F0C61B0345D2001E382D /* Entry.swift */,
				63D57F2B1B037BA100ED2C06 /* NSDate+Formatter.swift */,
				632439791B043F5F00E4376E /* CardView.swift */,
				6324397B1B0441C500E4376E /* EntryTableViewCell.swift */,
			);
			path = RealmSample;
			sourceTree = "<group>";
		};
		6384157D1B0328A400336821 /* Supporting Files */ = {
			isa = PBXGroup;
			children = (
				6384157E1B0328A400336821 /* Info.plist */,
			);
			name = "Supporting Files";
			sourceTree = "<group>";
		};
		638415921B0328A400336821 /* RealmSampleTests */ = {
			isa = PBXGroup;
			children = (
				638415951B0328A400336821 /* RealmSampleTests.swift */,
				638415931B0328A400336821 /* Supporting Files */,
			);
			path = RealmSampleTests;
			sourceTree = "<group>";
		};
		638415931B0328A400336821 /* Supporting Files */ = {
			isa = PBXGroup;
			children = (
				638415941B0328A400336821 /* Info.plist */,
			);
			name = "Supporting Files";
			sourceTree = "<group>";
		};
		DAB1D2F02391066D3E2A183A /* Frameworks */ = {
			isa = PBXGroup;
			children = (
				C8C7E8BC789C32DB3DF3A6B9 /* Pods.framework */,
				E4AF39E7AF4FA4F6BEB11CD1 /* Pods_RealmSample.framework */,
			);
			name = Frameworks;
			sourceTree = "<group>";
		};
		E494A9B5C5798964926489A6 /* Pods */ = {
			isa = PBXGroup;
			children = (
				A8C28C20F0A1BABB7BD411FA /* Pods-RealmSample.debug.xcconfig */,
				1A10183BE1E4814197152379 /* Pods-RealmSample.release.xcconfig */,
			);
			name = Pods;
			sourceTree = "<group>";
		};
/* End PBXGroup section */

/* Begin PBXNativeTarget section */
		638415791B0328A400336821 /* RealmSample */ = {
			isa = PBXNativeTarget;
			buildConfigurationList = 638415991B0328A400336821 /* Build configuration list for PBXNativeTarget "RealmSample" */;
			buildPhases = (
				97346DBDDE11800D81BE8FE9 /* [CP] Check Pods Manifest.lock */,
				638415761B0328A400336821 /* Sources */,
				638415771B0328A400336821 /* Frameworks */,
				638415781B0328A400336821 /* Resources */,
				8A0012B06C4F259823775F24 /* [CP] Embed Pods Frameworks */,
				2BFAAEF3A5053B44D1E0A3D0 /* [CP] Copy Pods Resources */,
			);
			buildRules = (
			);
			dependencies = (
			);
			name = RealmSample;
			productName = RealmSample;
			productReference = 6384157A1B0328A400336821 /* RealmSample.app */;
			productType = "com.apple.product-type.application";
		};
		6384158E1B0328A400336821 /* RealmSampleTests */ = {
			isa = PBXNativeTarget;
			buildConfigurationList = 6384159C1B0328A400336821 /* Build configuration list for PBXNativeTarget "RealmSampleTests" */;
			buildPhases = (
				6384158B1B0328A400336821 /* Sources */,
				6384158C1B0328A400336821 /* Frameworks */,
				6384158D1B0328A400336821 /* Resources */,
			);
			buildRules = (
			);
			dependencies = (
				638415911B0328A400336821 /* PBXTargetDependency */,
			);
			name = RealmSampleTests;
			productName = RealmSampleTests;
			productReference = 6384158F1B0328A400336821 /* RealmSampleTests.xctest */;
			productType = "com.apple.product-type.bundle.unit-test";
		};
/* End PBXNativeTarget section */

/* Begin PBXProject section */
		638415721B0328A400336821 /* Project object */ = {
			isa = PBXProject;
			attributes = {
				LastSwiftMigration = 0700;
				LastSwiftUpdateCheck = 0700;
				LastUpgradeCheck = 0630;
				ORGANIZATIONNAME = SatoshiN21;
				TargetAttributes = {
					638415791B0328A400336821 = {
						CreatedOnToolsVersion = 6.3.1;
						LastSwiftMigration = 0810;
					};
					6384158E1B0328A400336821 = {
						CreatedOnToolsVersion = 6.3.1;
						LastSwiftMigration = 0810;
						TestTargetID = 638415791B0328A400336821;
					};
				};
			};
			buildConfigurationList = 638415751B0328A400336821 /* Build configuration list for PBXProject "RealmSample" */;
			compatibilityVersion = "Xcode 3.2";
			developmentRegion = English;
			hasScannedForEncodings = 0;
			knownRegions = (
				en,
				Base,
			);
			mainGroup = 638415711B0328A400336821;
			productRefGroup = 6384157B1B0328A400336821 /* Products */;
			projectDirPath = "";
			projectRoot = "";
			targets = (
				638415791B0328A400336821 /* RealmSample */,
				6384158E1B0328A400336821 /* RealmSampleTests */,
			);
		};
/* End PBXProject section */

/* Begin PBXResourcesBuildPhase section */
		638415781B0328A400336821 /* Resources */ = {
			isa = PBXResourcesBuildPhase;
			buildActionMask = 2147483647;
			files = (
				638415851B0328A400336821 /* Main.storyboard in Resources */,
				6384158A1B0328A400336821 /* LaunchScreen.xib in Resources */,
				638415871B0328A400336821 /* Images.xcassets in Resources */,
			);
			runOnlyForDeploymentPostprocessing = 0;
		};
		6384158D1B0328A400336821 /* Resources */ = {
			isa = PBXResourcesBuildPhase;
			buildActionMask = 2147483647;
			files = (
			);
			runOnlyForDeploymentPostprocessing = 0;
		};
/* End PBXResourcesBuildPhase section */

/* Begin PBXShellScriptBuildPhase section */
		2BFAAEF3A5053B44D1E0A3D0 /* [CP] Copy Pods Resources */ = {
			isa = PBXShellScriptBuildPhase;
			buildActionMask = 2147483647;
			files = (
			);
			inputPaths = (
			);
			name = "[CP] Copy Pods Resources";
			outputPaths = (
			);
			runOnlyForDeploymentPostprocessing = 0;
			shellPath = /bin/sh;
			shellScript = "\"${SRCROOT}/Pods/Target Support Files/Pods-RealmSample/Pods-RealmSample-resources.sh\"\n";
			showEnvVarsInLog = 0;
		};
		8A0012B06C4F259823775F24 /* [CP] Embed Pods Frameworks */ = {
			isa = PBXShellScriptBuildPhase;
			buildActionMask = 2147483647;
			files = (
			);
			inputPaths = (
			);
			name = "[CP] Embed Pods Frameworks";
			outputPaths = (
			);
			runOnlyForDeploymentPostprocessing = 0;
			shellPath = /bin/sh;
			shellScript = "\"${SRCROOT}/Pods/Target Support Files/Pods-RealmSample/Pods-RealmSample-frameworks.sh\"\n";
			showEnvVarsInLog = 0;
		};
		97346DBDDE11800D81BE8FE9 /* [CP] Check Pods Manifest.lock */ = {
			isa = PBXShellScriptBuildPhase;
			buildActionMask = 2147483647;
			files = (
			);
			inputPaths = (
			);
			name = "[CP] Check Pods Manifest.lock";
			outputPaths = (
			);
			runOnlyForDeploymentPostprocessing = 0;
			shellPath = /bin/sh;
			shellScript = "diff \"${PODS_ROOT}/../Podfile.lock\" \"${PODS_ROOT}/Manifest.lock\" > /dev/null\nif [ $? != 0 ] ; then\n    # print error to STDERR\n    echo \"error: The sandbox is not in sync with the Podfile.lock. Run \'pod install\' or update your CocoaPods installation.\" >&2\n    exit 1\nfi\n";
			showEnvVarsInLog = 0;
		};
/* End PBXShellScriptBuildPhase section */

/* Begin PBXSourcesBuildPhase section */
		638415761B0328A400336821 /* Sources */ = {
			isa = PBXSourcesBuildPhase;
			buildActionMask = 2147483647;
			files = (
				6324397C1B0441C500E4376E /* EntryTableViewCell.swift in Sources */,
				6394F0C71B0345D2001E382D /* Entry.swift in Sources */,
				638415821B0328A400336821 /* ViewController.swift in Sources */,
				638415801B0328A400336821 /* AppDelegate.swift in Sources */,
				63D57F2C1B037BA100ED2C06 /* NSDate+Formatter.swift in Sources */,
				6324397A1B043F5F00E4376E /* CardView.swift in Sources */,
			);
			runOnlyForDeploymentPostprocessing = 0;
		};
		6384158B1B0328A400336821 /* Sources */ = {
			isa = PBXSourcesBuildPhase;
			buildActionMask = 2147483647;
			files = (
				638415961B0328A400336821 /* RealmSampleTests.swift in Sources */,
			);
			runOnlyForDeploymentPostprocessing = 0;
		};
/* End PBXSourcesBuildPhase section */

/* Begin PBXTargetDependency section */
		638415911B0328A400336821 /* PBXTargetDependency */ = {
			isa = PBXTargetDependency;
			target = 638415791B0328A400336821 /* RealmSample */;
			targetProxy = 638415901B0328A400336821 /* PBXContainerItemProxy */;
		};
/* End PBXTargetDependency section */

/* Begin PBXVariantGroup section */
		638415831B0328A400336821 /* Main.storyboard */ = {
			isa = PBXVariantGroup;
			children = (
				638415841B0328A400336821 /* Base */,
			);
			name = Main.storyboard;
			sourceTree = "<group>";
		};
		638415881B0328A400336821 /* LaunchScreen.xib */ = {
			isa = PBXVariantGroup;
			children = (
				638415891B0328A400336821 /* Base */,
			);
			name = LaunchScreen.xib;
			sourceTree = "<group>";
		};
/* End PBXVariantGroup section */

/* Begin XCBuildConfiguration section */
		638415971B0328A400336821 /* Debug */ = {
			isa = XCBuildConfiguration;
			buildSettings = {
				ALWAYS_SEARCH_USER_PATHS = NO;
				CLANG_CXX_LANGUAGE_STANDARD = "gnu++0x";
				CLANG_CXX_LIBRARY = "libc++";
				CLANG_ENABLE_MODULES = YES;
				CLANG_ENABLE_OBJC_ARC = YES;
				CLANG_WARN_BOOL_CONVERSION = YES;
				CLANG_WARN_CONSTANT_CONVERSION = YES;
				CLANG_WARN_DIRECT_OBJC_ISA_USAGE = YES_ERROR;
				CLANG_WARN_EMPTY_BODY = YES;
				CLANG_WARN_ENUM_CONVERSION = YES;
				CLANG_WARN_INT_CONVERSION = YES;
				CLANG_WARN_OBJC_ROOT_CLASS = YES_ERROR;
				CLANG_WARN_UNREACHABLE_CODE = YES;
				CLANG_WARN__DUPLICATE_METHOD_MATCH = YES;
				"CODE_SIGN_IDENTITY[sdk=iphoneos*]" = "iPhone Developer";
				COPY_PHASE_STRIP = NO;
				DEBUG_INFORMATION_FORMAT = "dwarf-with-dsym";
				ENABLE_STRICT_OBJC_MSGSEND = YES;
				GCC_C_LANGUAGE_STANDARD = gnu99;
				GCC_DYNAMIC_NO_PIC = NO;
				GCC_NO_COMMON_BLOCKS = YES;
				GCC_OPTIMIZATION_LEVEL = 0;
				GCC_PREPROCESSOR_DEFINITIONS = (
					"DEBUG=1",
					"$(inherited)",
				);
				GCC_SYMBOLS_PRIVATE_EXTERN = NO;
				GCC_WARN_64_TO_32_BIT_CONVERSION = YES;
				GCC_WARN_ABOUT_RETURN_TYPE = YES_ERROR;
				GCC_WARN_UNDECLARED_SELECTOR = YES;
				GCC_WARN_UNINITIALIZED_AUTOS = YES_AGGRESSIVE;
				GCC_WARN_UNUSED_FUNCTION = YES;
				GCC_WARN_UNUSED_VARIABLE = YES;
				IPHONEOS_DEPLOYMENT_TARGET = 8.3;
				MTL_ENABLE_DEBUG_INFO = YES;
				ONLY_ACTIVE_ARCH = YES;
				SDKROOT = iphoneos;
				SWIFT_OPTIMIZATION_LEVEL = "-Onone";
			};
			name = Debug;
		};
		638415981B0328A400336821 /* Release */ = {
			isa = XCBuildConfiguration;
			buildSettings = {
				ALWAYS_SEARCH_USER_PATHS = NO;
				CLANG_CXX_LANGUAGE_STANDARD = "gnu++0x";
				CLANG_CXX_LIBRARY = "libc++";
				CLANG_ENABLE_MODULES = YES;
				CLANG_ENABLE_OBJC_ARC = YES;
				CLANG_WARN_BOOL_CONVERSION = YES;
				CLANG_WARN_CONSTANT_CONVERSION = YES;
				CLANG_WARN_DIRECT_OBJC_ISA_USAGE = YES_ERROR;
				CLANG_WARN_EMPTY_BODY = YES;
				CLANG_WARN_ENUM_CONVERSION = YES;
				CLANG_WARN_INT_CONVERSION = YES;
				CLANG_WARN_OBJC_ROOT_CLASS = YES_ERROR;
				CLANG_WARN_UNREACHABLE_CODE = YES;
				CLANG_WARN__DUPLICATE_METHOD_MATCH = YES;
				"CODE_SIGN_IDENTITY[sdk=iphoneos*]" = "iPhone Developer";
				COPY_PHASE_STRIP = NO;
				DEBUG_INFORMATION_FORMAT = "dwarf-with-dsym";
				ENABLE_NS_ASSERTIONS = NO;
				ENABLE_STRICT_OBJC_MSGSEND = YES;
				GCC_C_LANGUAGE_STANDARD = gnu99;
				GCC_NO_COMMON_BLOCKS = YES;
				GCC_WARN_64_TO_32_BIT_CONVERSION = YES;
				GCC_WARN_ABOUT_RETURN_TYPE = YES_ERROR;
				GCC_WARN_UNDECLARED_SELECTOR = YES;
				GCC_WARN_UNINITIALIZED_AUTOS = YES_AGGRESSIVE;
				GCC_WARN_UNUSED_FUNCTION = YES;
				GCC_WARN_UNUSED_VARIABLE = YES;
				IPHONEOS_DEPLOYMENT_TARGET = 8.3;
				MTL_ENABLE_DEBUG_INFO = NO;
				SDKROOT = iphoneos;
				VALIDATE_PRODUCT = YES;
			};
			name = Release;
		};
		6384159A1B0328A400336821 /* Debug */ = {
			isa = XCBuildConfiguration;
			baseConfigurationReference = A8C28C20F0A1BABB7BD411FA /* Pods-RealmSample.debug.xcconfig */;
			buildSettings = {
				ASSETCATALOG_COMPILER_APPICON_NAME = AppIcon;
				INFOPLIST_FILE = RealmSample/Info.plist;
				LD_RUNPATH_SEARCH_PATHS = "$(inherited) @executable_path/Frameworks";
				PRODUCT_NAME = "$(TARGET_NAME)";
				SWIFT_VERSION = 3.0;
			};
			name = Debug;
		};
		6384159B1B0328A400336821 /* Release */ = {
			isa = XCBuildConfiguration;
			baseConfigurationReference = 1A10183BE1E4814197152379 /* Pods-RealmSample.release.xcconfig */;
			buildSettings = {
				ASSETCATALOG_COMPILER_APPICON_NAME = AppIcon;
				INFOPLIST_FILE = RealmSample/Info.plist;
				LD_RUNPATH_SEARCH_PATHS = "$(inherited) @executable_path/Frameworks";
				PRODUCT_NAME = "$(TARGET_NAME)";
				SWIFT_VERSION = 3.0;
			};
			name = Release;
		};
		6384159D1B0328A400336821 /* Debug */ = {
			isa = XCBuildConfiguration;
			buildSettings = {
				BUNDLE_LOADER = "$(TEST_HOST)";
				FRAMEWORK_SEARCH_PATHS = (
					"$(SDKROOT)/Developer/Library/Frameworks",
					"$(inherited)",
				);
				GCC_PREPROCESSOR_DEFINITIONS = (
					"DEBUG=1",
					"$(inherited)",
				);
				INFOPLIST_FILE = RealmSampleTests/Info.plist;
				LD_RUNPATH_SEARCH_PATHS = "$(inherited) @executable_path/Frameworks @loader_path/Frameworks";
				PRODUCT_NAME = "$(TARGET_NAME)";
				SWIFT_VERSION = 3.0;
				TEST_HOST = "$(BUILT_PRODUCTS_DIR)/RealmSample.app/RealmSample";
			};
			name = Debug;
		};
		6384159E1B0328A400336821 /* Release */ = {
			isa = XCBuildConfiguration;
			buildSettings = {
				BUNDLE_LOADER = "$(TEST_HOST)";
				FRAMEWORK_SEARCH_PATHS = (
					"$(SDKROOT)/Developer/Library/Frameworks",
					"$(inherited)",
				);
				INFOPLIST_FILE = RealmSampleTests/Info.plist;
				LD_RUNPATH_SEARCH_PATHS = "$(inherited) @executable_path/Frameworks @loader_path/Frameworks";
				PRODUCT_NAME = "$(TARGET_NAME)";
				SWIFT_VERSION = 3.0;
				TEST_HOST = "$(BUILT_PRODUCTS_DIR)/RealmSample.app/RealmSample";
			};
			name = Release;
		};
/* End XCBuildConfiguration section */

/* Begin XCConfigurationList section */
		638415751B0328A400336821 /* Build configuration list for PBXProject "RealmSample" */ = {
			isa = XCConfigurationList;
			buildConfigurations = (
				638415971B0328A400336821 /* Debug */,
				638415981B0328A400336821 /* Release */,
			);
			defaultConfigurationIsVisible = 0;
			defaultConfigurationName = Release;
		};
		638415991B0328A400336821 /* Build configuration list for PBXNativeTarget "RealmSample" */ = {
			isa = XCConfigurationList;
			buildConfigurations = (
				6384159A1B0328A400336821 /* Debug */,
				6384159B1B0328A400336821 /* Release */,
			);
			defaultConfigurationIsVisible = 0;
			defaultConfigurationName = Release;
		};
		6384159C1B0328A400336821 /* Build configuration list for PBXNativeTarget "RealmSampleTests" */ = {
			isa = XCConfigurationList;
			buildConfigurations = (
				6384159D1B0328A400336821 /* Debug */,
				6384159E1B0328A400336821 /* Release */,
			);
			defaultConfigurationIsVisible = 0;
			defaultConfigurationName = Release;
		};
/* End XCConfigurationList section */
	};
	rootObject = 638415721B0328A400336821 /* Project object */;
}
